
Microsoft Visual Studio Solution File, Format Version 12.00
# Visual Studio 15
VisualStudioVersion = 15.0.27130.2010
MinimumVisualStudioVersion = 10.0.40219.1
Project("{FAE04EC0-301F-11D3-BF4B-00C04F79EFBC}") = "WallApp", "WallApp\WallApp.csproj", "{41329E41-A121-49D6-8C3D-FD10BA1CF51D}"
EndProject
Project("{2150E333-8FDC-42A3-9474-1A3956D46DE8}") = "Solution Items", "Solution Items", "{A634B6CD-9FE4-4F25-BCE0-693BA0843434}"
	ProjectSection(SolutionItems) = preProject
		todo.txt = todo.txt
	EndProjectSection
EndProject
Global
	GlobalSection(SolutionConfigurationPlatforms) = preSolution
		Debug|Any CPU = Debug|Any CPU
		Release|Any CPU = Release|Any CPU
	EndGlobalSection
	GlobalSection(ProjectConfigurationPlatforms) = postSolution
		{41329E41-A121-49D6-8C3D-FD10BA1CF51D}.Debug|Any CPU.ActiveCfg = Debug|Any CPU
		{41329E41-A121-49D6-8C3D-FD10BA1CF51D}.Debug|Any CPU.Build.0 = Debug|Any CPU
		{41329E41-A121-49D6-8C3D-FD10BA1CF51D}.Release|Any CPU.ActiveCfg = Release|Any CPU
		{41329E41-A121-49D6-8C3D-FD10BA1CF51D}.Release|Any CPU.Build.0 = Release|Any CPU
	EndGlobalSection
	GlobalSection(SolutionProperties) = preSolution
		HideSolutionNode = FALSE
	EndGlobalSection
	GlobalSection(ExtensibilityGlobals) = postSolution
		SolutionGuid = {37BA99E9-282C-4507-B319-AED73DFFD205}
	EndGlobalSection
EndGlobal
