
Microsoft Visual Studio Solution File, Format Version 12.00
# Visual Studio Version 16
VisualStudioVersion = 16.0.28803.352
MinimumVisualStudioVersion = 10.0.40219.1
Project("{9A19103F-16F7-4668-BE54-9A1E7A4F7556}") = "Bridge", "Bridge\Bridge.csproj", "{CF77269C-3D36-4527-89DE-6ECC6A6F82D8}"
EndProject
Project("{2150E333-8FDC-42A3-9474-1A3956D46DE8}") = "Solution Items", "Solution Items", "{842E7669-5B64-4912-AAC4-49874602B6C2}"
	ProjectSection(SolutionItems) = preProject
		LayoutDataScriptExample.xml = LayoutDataScriptExample.xml
		WappFileNotes.txt = WappFileNotes.txt
	EndProjectSection
EndProject
Project("{FAE04EC0-301F-11D3-BF4B-00C04F79EFBC}") = "MockEngine", "MockEngine\MockEngine.csproj", "{D4C56F06-AA22-4D3E-BA10-3083417E4E99}"
EndProject
Project("{9A19103F-16F7-4668-BE54-9A1E7A4F7556}") = "IPC", "IPC\IPC.csproj", "{C321D663-A1EE-4047-82BB-781142BDF826}"
EndProject
Project("{9A19103F-16F7-4668-BE54-9A1E7A4F7556}") = "Controller", "Controller\Controller.csproj", "{24EE7996-6C47-4ECA-993C-550ABE4896CE}"
EndProject
Project("{FAE04EC0-301F-11D3-BF4B-00C04F79EFBC}") = "Presenter", "Presenter\Presenter.csproj", "{13AEA47F-CE17-4977-91D7-18E54C2B4BD0}"
EndProject
Project("{9A19103F-16F7-4668-BE54-9A1E7A4F7556}") = "Engine", "Engine\Engine.csproj", "{6E63F09B-6B55-45A4-8A20-63C1D34B7A1B}"
EndProject
Project("{9A19103F-16F7-4668-BE54-9A1E7A4F7556}") = "Types", "Types\Types.csproj", "{29AC6AF0-926D-4812-8AC4-546DFB24C9B3}"
EndProject
Project("{9A19103F-16F7-4668-BE54-9A1E7A4F7556}") = "IO", "IO\IO.csproj", "{66862F82-9DEF-412B-8248-41380A58DCCA}"
EndProject
Project("{FAE04EC0-301F-11D3-BF4B-00C04F79EFBC}") = "Composer", "Composer\Composer.csproj", "{979BFA0F-7F12-4FA3-B9C1-9DBA73252B42}"
EndProject
Global
	GlobalSection(SolutionConfigurationPlatforms) = preSolution
		Debug|Any CPU = Debug|Any CPU
		Debug|ARM = Debug|ARM
		Debug|ARM64 = Debug|ARM64
		Debug|x64 = Debug|x64
		Debug|x86 = Debug|x86
		Release|Any CPU = Release|Any CPU
		Release|ARM = Release|ARM
		Release|ARM64 = Release|ARM64
		Release|x64 = Release|x64
		Release|x86 = Release|x86
	EndGlobalSection
	GlobalSection(ProjectConfigurationPlatforms) = postSolution
		{CF77269C-3D36-4527-89DE-6ECC6A6F82D8}.Debug|Any CPU.ActiveCfg = Debug|Any CPU
		{CF77269C-3D36-4527-89DE-6ECC6A6F82D8}.Debug|Any CPU.Build.0 = Debug|Any CPU
		{CF77269C-3D36-4527-89DE-6ECC6A6F82D8}.Debug|ARM.ActiveCfg = Debug|Any CPU
		{CF77269C-3D36-4527-89DE-6ECC6A6F82D8}.Debug|ARM.Build.0 = Debug|Any CPU
		{CF77269C-3D36-4527-89DE-6ECC6A6F82D8}.Debug|ARM64.ActiveCfg = Debug|Any CPU
		{CF77269C-3D36-4527-89DE-6ECC6A6F82D8}.Debug|ARM64.Build.0 = Debug|Any CPU
		{CF77269C-3D36-4527-89DE-6ECC6A6F82D8}.Debug|x64.ActiveCfg = Debug|Any CPU
		{CF77269C-3D36-4527-89DE-6ECC6A6F82D8}.Debug|x64.Build.0 = Debug|Any CPU
		{CF77269C-3D36-4527-89DE-6ECC6A6F82D8}.Debug|x86.ActiveCfg = Debug|Any CPU
		{CF77269C-3D36-4527-89DE-6ECC6A6F82D8}.Debug|x86.Build.0 = Debug|Any CPU
		{CF77269C-3D36-4527-89DE-6ECC6A6F82D8}.Release|Any CPU.ActiveCfg = Release|Any CPU
		{CF77269C-3D36-4527-89DE-6ECC6A6F82D8}.Release|Any CPU.Build.0 = Release|Any CPU
		{CF77269C-3D36-4527-89DE-6ECC6A6F82D8}.Release|ARM.ActiveCfg = Release|Any CPU
		{CF77269C-3D36-4527-89DE-6ECC6A6F82D8}.Release|ARM.Build.0 = Release|Any CPU
		{CF77269C-3D36-4527-89DE-6ECC6A6F82D8}.Release|ARM64.ActiveCfg = Release|Any CPU
		{CF77269C-3D36-4527-89DE-6ECC6A6F82D8}.Release|ARM64.Build.0 = Release|Any CPU
		{CF77269C-3D36-4527-89DE-6ECC6A6F82D8}.Release|x64.ActiveCfg = Release|Any CPU
		{CF77269C-3D36-4527-89DE-6ECC6A6F82D8}.Release|x64.Build.0 = Release|Any CPU
		{CF77269C-3D36-4527-89DE-6ECC6A6F82D8}.Release|x86.ActiveCfg = Release|Any CPU
		{CF77269C-3D36-4527-89DE-6ECC6A6F82D8}.Release|x86.Build.0 = Release|Any CPU
		{D4C56F06-AA22-4D3E-BA10-3083417E4E99}.Debug|Any CPU.ActiveCfg = Debug|Any CPU
		{D4C56F06-AA22-4D3E-BA10-3083417E4E99}.Debug|Any CPU.Build.0 = Debug|Any CPU
		{D4C56F06-AA22-4D3E-BA10-3083417E4E99}.Debug|ARM.ActiveCfg = Debug|Any CPU
		{D4C56F06-AA22-4D3E-BA10-3083417E4E99}.Debug|ARM.Build.0 = Debug|Any CPU
		{D4C56F06-AA22-4D3E-BA10-3083417E4E99}.Debug|ARM64.ActiveCfg = Debug|Any CPU
		{D4C56F06-AA22-4D3E-BA10-3083417E4E99}.Debug|ARM64.Build.0 = Debug|Any CPU
		{D4C56F06-AA22-4D3E-BA10-3083417E4E99}.Debug|x64.ActiveCfg = Debug|Any CPU
		{D4C56F06-AA22-4D3E-BA10-3083417E4E99}.Debug|x64.Build.0 = Debug|Any CPU
		{D4C56F06-AA22-4D3E-BA10-3083417E4E99}.Debug|x86.ActiveCfg = Debug|Any CPU
		{D4C56F06-AA22-4D3E-BA10-3083417E4E99}.Debug|x86.Build.0 = Debug|Any CPU
		{D4C56F06-AA22-4D3E-BA10-3083417E4E99}.Release|Any CPU.ActiveCfg = Release|Any CPU
		{D4C56F06-AA22-4D3E-BA10-3083417E4E99}.Release|Any CPU.Build.0 = Release|Any CPU
		{D4C56F06-AA22-4D3E-BA10-3083417E4E99}.Release|ARM.ActiveCfg = Release|Any CPU
		{D4C56F06-AA22-4D3E-BA10-3083417E4E99}.Release|ARM.Build.0 = Release|Any CPU
		{D4C56F06-AA22-4D3E-BA10-3083417E4E99}.Release|ARM64.ActiveCfg = Release|Any CPU
		{D4C56F06-AA22-4D3E-BA10-3083417E4E99}.Release|ARM64.Build.0 = Release|Any CPU
		{D4C56F06-AA22-4D3E-BA10-3083417E4E99}.Release|x64.ActiveCfg = Release|Any CPU
		{D4C56F06-AA22-4D3E-BA10-3083417E4E99}.Release|x64.Build.0 = Release|Any CPU
		{D4C56F06-AA22-4D3E-BA10-3083417E4E99}.Release|x86.ActiveCfg = Release|Any CPU
		{D4C56F06-AA22-4D3E-BA10-3083417E4E99}.Release|x86.Build.0 = Release|Any CPU
		{C321D663-A1EE-4047-82BB-781142BDF826}.Debug|Any CPU.ActiveCfg = Debug|Any CPU
		{C321D663-A1EE-4047-82BB-781142BDF826}.Debug|Any CPU.Build.0 = Debug|Any CPU
		{C321D663-A1EE-4047-82BB-781142BDF826}.Debug|ARM.ActiveCfg = Debug|Any CPU
		{C321D663-A1EE-4047-82BB-781142BDF826}.Debug|ARM.Build.0 = Debug|Any CPU
		{C321D663-A1EE-4047-82BB-781142BDF826}.Debug|ARM64.ActiveCfg = Debug|Any CPU
		{C321D663-A1EE-4047-82BB-781142BDF826}.Debug|ARM64.Build.0 = Debug|Any CPU
		{C321D663-A1EE-4047-82BB-781142BDF826}.Debug|x64.ActiveCfg = Debug|Any CPU
		{C321D663-A1EE-4047-82BB-781142BDF826}.Debug|x64.Build.0 = Debug|Any CPU
		{C321D663-A1EE-4047-82BB-781142BDF826}.Debug|x86.ActiveCfg = Debug|Any CPU
		{C321D663-A1EE-4047-82BB-781142BDF826}.Debug|x86.Build.0 = Debug|Any CPU
		{C321D663-A1EE-4047-82BB-781142BDF826}.Release|Any CPU.ActiveCfg = Release|Any CPU
		{C321D663-A1EE-4047-82BB-781142BDF826}.Release|Any CPU.Build.0 = Release|Any CPU
		{C321D663-A1EE-4047-82BB-781142BDF826}.Release|ARM.ActiveCfg = Release|Any CPU
		{C321D663-A1EE-4047-82BB-781142BDF826}.Release|ARM.Build.0 = Release|Any CPU
		{C321D663-A1EE-4047-82BB-781142BDF826}.Release|ARM64.ActiveCfg = Release|Any CPU
		{C321D663-A1EE-4047-82BB-781142BDF826}.Release|ARM64.Build.0 = Release|Any CPU
		{C321D663-A1EE-4047-82BB-781142BDF826}.Release|x64.ActiveCfg = Release|Any CPU
		{C321D663-A1EE-4047-82BB-781142BDF826}.Release|x64.Build.0 = Release|Any CPU
		{C321D663-A1EE-4047-82BB-781142BDF826}.Release|x86.ActiveCfg = Release|Any CPU
		{C321D663-A1EE-4047-82BB-781142BDF826}.Release|x86.Build.0 = Release|Any CPU
		{24EE7996-6C47-4ECA-993C-550ABE4896CE}.Debug|Any CPU.ActiveCfg = Debug|Any CPU
		{24EE7996-6C47-4ECA-993C-550ABE4896CE}.Debug|Any CPU.Build.0 = Debug|Any CPU
		{24EE7996-6C47-4ECA-993C-550ABE4896CE}.Debug|ARM.ActiveCfg = Debug|Any CPU
		{24EE7996-6C47-4ECA-993C-550ABE4896CE}.Debug|ARM.Build.0 = Debug|Any CPU
		{24EE7996-6C47-4ECA-993C-550ABE4896CE}.Debug|ARM64.ActiveCfg = Debug|Any CPU
		{24EE7996-6C47-4ECA-993C-550ABE4896CE}.Debug|ARM64.Build.0 = Debug|Any CPU
		{24EE7996-6C47-4ECA-993C-550ABE4896CE}.Debug|x64.ActiveCfg = Debug|Any CPU
		{24EE7996-6C47-4ECA-993C-550ABE4896CE}.Debug|x64.Build.0 = Debug|Any CPU
		{24EE7996-6C47-4ECA-993C-550ABE4896CE}.Debug|x86.ActiveCfg = Debug|Any CPU
		{24EE7996-6C47-4ECA-993C-550ABE4896CE}.Debug|x86.Build.0 = Debug|Any CPU
		{24EE7996-6C47-4ECA-993C-550ABE4896CE}.Release|Any CPU.ActiveCfg = Release|Any CPU
		{24EE7996-6C47-4ECA-993C-550ABE4896CE}.Release|Any CPU.Build.0 = Release|Any CPU
		{24EE7996-6C47-4ECA-993C-550ABE4896CE}.Release|ARM.ActiveCfg = Release|Any CPU
		{24EE7996-6C47-4ECA-993C-550ABE4896CE}.Release|ARM.Build.0 = Release|Any CPU
		{24EE7996-6C47-4ECA-993C-550ABE4896CE}.Release|ARM64.ActiveCfg = Release|Any CPU
		{24EE7996-6C47-4ECA-993C-550ABE4896CE}.Release|ARM64.Build.0 = Release|Any CPU
		{24EE7996-6C47-4ECA-993C-550ABE4896CE}.Release|x64.ActiveCfg = Release|Any CPU
		{24EE7996-6C47-4ECA-993C-550ABE4896CE}.Release|x64.Build.0 = Release|Any CPU
		{24EE7996-6C47-4ECA-993C-550ABE4896CE}.Release|x86.ActiveCfg = Release|Any CPU
		{24EE7996-6C47-4ECA-993C-550ABE4896CE}.Release|x86.Build.0 = Release|Any CPU
		{13AEA47F-CE17-4977-91D7-18E54C2B4BD0}.Debug|Any CPU.ActiveCfg = Debug|Any CPU
		{13AEA47F-CE17-4977-91D7-18E54C2B4BD0}.Debug|Any CPU.Build.0 = Debug|Any CPU
		{13AEA47F-CE17-4977-91D7-18E54C2B4BD0}.Debug|ARM.ActiveCfg = Debug|Any CPU
		{13AEA47F-CE17-4977-91D7-18E54C2B4BD0}.Debug|ARM.Build.0 = Debug|Any CPU
		{13AEA47F-CE17-4977-91D7-18E54C2B4BD0}.Debug|ARM64.ActiveCfg = Debug|Any CPU
		{13AEA47F-CE17-4977-91D7-18E54C2B4BD0}.Debug|ARM64.Build.0 = Debug|Any CPU
		{13AEA47F-CE17-4977-91D7-18E54C2B4BD0}.Debug|x64.ActiveCfg = Debug|Any CPU
		{13AEA47F-CE17-4977-91D7-18E54C2B4BD0}.Debug|x64.Build.0 = Debug|Any CPU
		{13AEA47F-CE17-4977-91D7-18E54C2B4BD0}.Debug|x86.ActiveCfg = Debug|Any CPU
		{13AEA47F-CE17-4977-91D7-18E54C2B4BD0}.Debug|x86.Build.0 = Debug|Any CPU
		{13AEA47F-CE17-4977-91D7-18E54C2B4BD0}.Release|Any CPU.ActiveCfg = Release|Any CPU
		{13AEA47F-CE17-4977-91D7-18E54C2B4BD0}.Release|Any CPU.Build.0 = Release|Any CPU
		{13AEA47F-CE17-4977-91D7-18E54C2B4BD0}.Release|ARM.ActiveCfg = Release|Any CPU
		{13AEA47F-CE17-4977-91D7-18E54C2B4BD0}.Release|ARM.Build.0 = Release|Any CPU
		{13AEA47F-CE17-4977-91D7-18E54C2B4BD0}.Release|ARM64.ActiveCfg = Release|Any CPU
		{13AEA47F-CE17-4977-91D7-18E54C2B4BD0}.Release|ARM64.Build.0 = Release|Any CPU
		{13AEA47F-CE17-4977-91D7-18E54C2B4BD0}.Release|x64.ActiveCfg = Release|Any CPU
		{13AEA47F-CE17-4977-91D7-18E54C2B4BD0}.Release|x64.Build.0 = Release|Any CPU
		{13AEA47F-CE17-4977-91D7-18E54C2B4BD0}.Release|x86.ActiveCfg = Release|Any CPU
		{13AEA47F-CE17-4977-91D7-18E54C2B4BD0}.Release|x86.Build.0 = Release|Any CPU
		{6E63F09B-6B55-45A4-8A20-63C1D34B7A1B}.Debug|Any CPU.ActiveCfg = Debug|Any CPU
		{6E63F09B-6B55-45A4-8A20-63C1D34B7A1B}.Debug|Any CPU.Build.0 = Debug|Any CPU
		{6E63F09B-6B55-45A4-8A20-63C1D34B7A1B}.Debug|ARM.ActiveCfg = Debug|Any CPU
		{6E63F09B-6B55-45A4-8A20-63C1D34B7A1B}.Debug|ARM.Build.0 = Debug|Any CPU
		{6E63F09B-6B55-45A4-8A20-63C1D34B7A1B}.Debug|ARM64.ActiveCfg = Debug|Any CPU
		{6E63F09B-6B55-45A4-8A20-63C1D34B7A1B}.Debug|ARM64.Build.0 = Debug|Any CPU
		{6E63F09B-6B55-45A4-8A20-63C1D34B7A1B}.Debug|x64.ActiveCfg = Debug|Any CPU
		{6E63F09B-6B55-45A4-8A20-63C1D34B7A1B}.Debug|x64.Build.0 = Debug|Any CPU
		{6E63F09B-6B55-45A4-8A20-63C1D34B7A1B}.Debug|x86.ActiveCfg = Debug|Any CPU
		{6E63F09B-6B55-45A4-8A20-63C1D34B7A1B}.Debug|x86.Build.0 = Debug|Any CPU
		{6E63F09B-6B55-45A4-8A20-63C1D34B7A1B}.Release|Any CPU.ActiveCfg = Release|Any CPU
		{6E63F09B-6B55-45A4-8A20-63C1D34B7A1B}.Release|Any CPU.Build.0 = Release|Any CPU
		{6E63F09B-6B55-45A4-8A20-63C1D34B7A1B}.Release|ARM.ActiveCfg = Release|Any CPU
		{6E63F09B-6B55-45A4-8A20-63C1D34B7A1B}.Release|ARM.Build.0 = Release|Any CPU
		{6E63F09B-6B55-45A4-8A20-63C1D34B7A1B}.Release|ARM64.ActiveCfg = Release|Any CPU
		{6E63F09B-6B55-45A4-8A20-63C1D34B7A1B}.Release|ARM64.Build.0 = Release|Any CPU
		{6E63F09B-6B55-45A4-8A20-63C1D34B7A1B}.Release|x64.ActiveCfg = Release|Any CPU
		{6E63F09B-6B55-45A4-8A20-63C1D34B7A1B}.Release|x64.Build.0 = Release|Any CPU
		{6E63F09B-6B55-45A4-8A20-63C1D34B7A1B}.Release|x86.ActiveCfg = Release|Any CPU
		{6E63F09B-6B55-45A4-8A20-63C1D34B7A1B}.Release|x86.Build.0 = Release|Any CPU
		{29AC6AF0-926D-4812-8AC4-546DFB24C9B3}.Debug|Any CPU.ActiveCfg = Debug|Any CPU
		{29AC6AF0-926D-4812-8AC4-546DFB24C9B3}.Debug|Any CPU.Build.0 = Debug|Any CPU
		{29AC6AF0-926D-4812-8AC4-546DFB24C9B3}.Debug|ARM.ActiveCfg = Debug|Any CPU
		{29AC6AF0-926D-4812-8AC4-546DFB24C9B3}.Debug|ARM.Build.0 = Debug|Any CPU
		{29AC6AF0-926D-4812-8AC4-546DFB24C9B3}.Debug|ARM64.ActiveCfg = Debug|Any CPU
		{29AC6AF0-926D-4812-8AC4-546DFB24C9B3}.Debug|ARM64.Build.0 = Debug|Any CPU
		{29AC6AF0-926D-4812-8AC4-546DFB24C9B3}.Debug|x64.ActiveCfg = Debug|Any CPU
		{29AC6AF0-926D-4812-8AC4-546DFB24C9B3}.Debug|x64.Build.0 = Debug|Any CPU
		{29AC6AF0-926D-4812-8AC4-546DFB24C9B3}.Debug|x86.ActiveCfg = Debug|Any CPU
		{29AC6AF0-926D-4812-8AC4-546DFB24C9B3}.Debug|x86.Build.0 = Debug|Any CPU
		{29AC6AF0-926D-4812-8AC4-546DFB24C9B3}.Release|Any CPU.ActiveCfg = Release|Any CPU
		{29AC6AF0-926D-4812-8AC4-546DFB24C9B3}.Release|Any CPU.Build.0 = Release|Any CPU
		{29AC6AF0-926D-4812-8AC4-546DFB24C9B3}.Release|ARM.ActiveCfg = Release|Any CPU
		{29AC6AF0-926D-4812-8AC4-546DFB24C9B3}.Release|ARM.Build.0 = Release|Any CPU
		{29AC6AF0-926D-4812-8AC4-546DFB24C9B3}.Release|ARM64.ActiveCfg = Release|Any CPU
		{29AC6AF0-926D-4812-8AC4-546DFB24C9B3}.Release|ARM64.Build.0 = Release|Any CPU
		{29AC6AF0-926D-4812-8AC4-546DFB24C9B3}.Release|x64.ActiveCfg = Release|Any CPU
		{29AC6AF0-926D-4812-8AC4-546DFB24C9B3}.Release|x64.Build.0 = Release|Any CPU
		{29AC6AF0-926D-4812-8AC4-546DFB24C9B3}.Release|x86.ActiveCfg = Release|Any CPU
		{29AC6AF0-926D-4812-8AC4-546DFB24C9B3}.Release|x86.Build.0 = Release|Any CPU
		{66862F82-9DEF-412B-8248-41380A58DCCA}.Debug|Any CPU.ActiveCfg = Debug|Any CPU
		{66862F82-9DEF-412B-8248-41380A58DCCA}.Debug|Any CPU.Build.0 = Debug|Any CPU
		{66862F82-9DEF-412B-8248-41380A58DCCA}.Debug|ARM.ActiveCfg = Debug|Any CPU
		{66862F82-9DEF-412B-8248-41380A58DCCA}.Debug|ARM.Build.0 = Debug|Any CPU
		{66862F82-9DEF-412B-8248-41380A58DCCA}.Debug|ARM64.ActiveCfg = Debug|Any CPU
		{66862F82-9DEF-412B-8248-41380A58DCCA}.Debug|ARM64.Build.0 = Debug|Any CPU
		{66862F82-9DEF-412B-8248-41380A58DCCA}.Debug|x64.ActiveCfg = Debug|Any CPU
		{66862F82-9DEF-412B-8248-41380A58DCCA}.Debug|x64.Build.0 = Debug|Any CPU
		{66862F82-9DEF-412B-8248-41380A58DCCA}.Debug|x86.ActiveCfg = Debug|Any CPU
		{66862F82-9DEF-412B-8248-41380A58DCCA}.Debug|x86.Build.0 = Debug|Any CPU
		{66862F82-9DEF-412B-8248-41380A58DCCA}.Release|Any CPU.ActiveCfg = Release|Any CPU
		{66862F82-9DEF-412B-8248-41380A58DCCA}.Release|Any CPU.Build.0 = Release|Any CPU
		{66862F82-9DEF-412B-8248-41380A58DCCA}.Release|ARM.ActiveCfg = Release|Any CPU
		{66862F82-9DEF-412B-8248-41380A58DCCA}.Release|ARM.Build.0 = Release|Any CPU
		{66862F82-9DEF-412B-8248-41380A58DCCA}.Release|ARM64.ActiveCfg = Release|Any CPU
		{66862F82-9DEF-412B-8248-41380A58DCCA}.Release|ARM64.Build.0 = Release|Any CPU
		{66862F82-9DEF-412B-8248-41380A58DCCA}.Release|x64.ActiveCfg = Release|Any CPU
		{66862F82-9DEF-412B-8248-41380A58DCCA}.Release|x64.Build.0 = Release|Any CPU
		{66862F82-9DEF-412B-8248-41380A58DCCA}.Release|x86.ActiveCfg = Release|Any CPU
		{66862F82-9DEF-412B-8248-41380A58DCCA}.Release|x86.Build.0 = Release|Any CPU
		{979BFA0F-7F12-4FA3-B9C1-9DBA73252B42}.Debug|Any CPU.ActiveCfg = Debug|Any CPU
		{979BFA0F-7F12-4FA3-B9C1-9DBA73252B42}.Debug|Any CPU.Build.0 = Debug|Any CPU
		{979BFA0F-7F12-4FA3-B9C1-9DBA73252B42}.Debug|ARM.ActiveCfg = Debug|Any CPU
		{979BFA0F-7F12-4FA3-B9C1-9DBA73252B42}.Debug|ARM.Build.0 = Debug|Any CPU
		{979BFA0F-7F12-4FA3-B9C1-9DBA73252B42}.Debug|ARM64.ActiveCfg = Debug|Any CPU
		{979BFA0F-7F12-4FA3-B9C1-9DBA73252B42}.Debug|ARM64.Build.0 = Debug|Any CPU
		{979BFA0F-7F12-4FA3-B9C1-9DBA73252B42}.Debug|x64.ActiveCfg = Debug|Any CPU
		{979BFA0F-7F12-4FA3-B9C1-9DBA73252B42}.Debug|x64.Build.0 = Debug|Any CPU
		{979BFA0F-7F12-4FA3-B9C1-9DBA73252B42}.Debug|x86.ActiveCfg = Debug|Any CPU
		{979BFA0F-7F12-4FA3-B9C1-9DBA73252B42}.Debug|x86.Build.0 = Debug|Any CPU
		{979BFA0F-7F12-4FA3-B9C1-9DBA73252B42}.Release|Any CPU.ActiveCfg = Release|Any CPU
		{979BFA0F-7F12-4FA3-B9C1-9DBA73252B42}.Release|Any CPU.Build.0 = Release|Any CPU
		{979BFA0F-7F12-4FA3-B9C1-9DBA73252B42}.Release|ARM.ActiveCfg = Release|Any CPU
		{979BFA0F-7F12-4FA3-B9C1-9DBA73252B42}.Release|ARM.Build.0 = Release|Any CPU
		{979BFA0F-7F12-4FA3-B9C1-9DBA73252B42}.Release|ARM64.ActiveCfg = Release|Any CPU
		{979BFA0F-7F12-4FA3-B9C1-9DBA73252B42}.Release|ARM64.Build.0 = Release|Any CPU
		{979BFA0F-7F12-4FA3-B9C1-9DBA73252B42}.Release|x64.ActiveCfg = Release|Any CPU
		{979BFA0F-7F12-4FA3-B9C1-9DBA73252B42}.Release|x64.Build.0 = Release|Any CPU
		{979BFA0F-7F12-4FA3-B9C1-9DBA73252B42}.Release|x86.ActiveCfg = Release|Any CPU
		{979BFA0F-7F12-4FA3-B9C1-9DBA73252B42}.Release|x86.Build.0 = Release|Any CPU
	EndGlobalSection
	GlobalSection(SolutionProperties) = preSolution
		HideSolutionNode = FALSE
	EndGlobalSection
	GlobalSection(ExtensibilityGlobals) = postSolution
		SolutionGuid = {6C8D8918-97FD-4E7A-A41E-C7BBF635F6E1}
	EndGlobalSection
EndGlobal
