
Microsoft Visual Studio Solution File, Format Version 12.00
# Visual Studio Version 17
VisualStudioVersion = 17.0.32014.148
MinimumVisualStudioVersion = 10.0.40219.1
Project("{2150E333-8FDC-42A3-9474-1A3956D46DE8}") = "Solution Items", "Solution Items", "{842E7669-5B64-4912-AAC4-49874602B6C2}"
	ProjectSection(SolutionItems) = preProject
		WallopFileNotes.txt = WallopFileNotes.txt
	EndProjectSection
EndProject
Project("{FAE04EC0-301F-11D3-BF4B-00C04F79EFBC}") = "Presenter", "Presenter\Presenter.csproj", "{13AEA47F-CE17-4977-91D7-18E54C2B4BD0}"
EndProject
Project("{FAE04EC0-301F-11D3-BF4B-00C04F79EFBC}") = "Engine", "Engine\Engine.csproj", "{6A3B0433-B021-4000-AF79-3EB25F1585E0}"
EndProject
Global
	GlobalSection(SolutionConfigurationPlatforms) = preSolution
		Debug|Any CPU = Debug|Any CPU
		Debug|ARM = Debug|ARM
		Debug|ARM64 = Debug|ARM64
		Debug|x64 = Debug|x64
		Debug|x86 = Debug|x86
		Release|Any CPU = Release|Any CPU
		Release|ARM = Release|ARM
		Release|ARM64 = Release|ARM64
		Release|x64 = Release|x64
		Release|x86 = Release|x86
	EndGlobalSection
	GlobalSection(ProjectConfigurationPlatforms) = postSolution
		{13AEA47F-CE17-4977-91D7-18E54C2B4BD0}.Debug|Any CPU.ActiveCfg = Debug|Any CPU
		{13AEA47F-CE17-4977-91D7-18E54C2B4BD0}.Debug|Any CPU.Build.0 = Debug|Any CPU
		{13AEA47F-CE17-4977-91D7-18E54C2B4BD0}.Debug|ARM.ActiveCfg = Debug|Any CPU
		{13AEA47F-CE17-4977-91D7-18E54C2B4BD0}.Debug|ARM.Build.0 = Debug|Any CPU
		{13AEA47F-CE17-4977-91D7-18E54C2B4BD0}.Debug|ARM64.ActiveCfg = Debug|Any CPU
		{13AEA47F-CE17-4977-91D7-18E54C2B4BD0}.Debug|ARM64.Build.0 = Debug|Any CPU
		{13AEA47F-CE17-4977-91D7-18E54C2B4BD0}.Debug|x64.ActiveCfg = Debug|Any CPU
		{13AEA47F-CE17-4977-91D7-18E54C2B4BD0}.Debug|x64.Build.0 = Debug|Any CPU
		{13AEA47F-CE17-4977-91D7-18E54C2B4BD0}.Debug|x86.ActiveCfg = Debug|Any CPU
		{13AEA47F-CE17-4977-91D7-18E54C2B4BD0}.Debug|x86.Build.0 = Debug|Any CPU
		{13AEA47F-CE17-4977-91D7-18E54C2B4BD0}.Release|Any CPU.ActiveCfg = Release|Any CPU
		{13AEA47F-CE17-4977-91D7-18E54C2B4BD0}.Release|Any CPU.Build.0 = Release|Any CPU
		{13AEA47F-CE17-4977-91D7-18E54C2B4BD0}.Release|ARM.ActiveCfg = Release|Any CPU
		{13AEA47F-CE17-4977-91D7-18E54C2B4BD0}.Release|ARM.Build.0 = Release|Any CPU
		{13AEA47F-CE17-4977-91D7-18E54C2B4BD0}.Release|ARM64.ActiveCfg = Release|Any CPU
		{13AEA47F-CE17-4977-91D7-18E54C2B4BD0}.Release|ARM64.Build.0 = Release|Any CPU
		{13AEA47F-CE17-4977-91D7-18E54C2B4BD0}.Release|x64.ActiveCfg = Release|Any CPU
		{13AEA47F-CE17-4977-91D7-18E54C2B4BD0}.Release|x64.Build.0 = Release|Any CPU
		{13AEA47F-CE17-4977-91D7-18E54C2B4BD0}.Release|x86.ActiveCfg = Release|Any CPU
		{13AEA47F-CE17-4977-91D7-18E54C2B4BD0}.Release|x86.Build.0 = Release|Any CPU
		{6A3B0433-B021-4000-AF79-3EB25F1585E0}.Debug|Any CPU.ActiveCfg = Debug|Any CPU
		{6A3B0433-B021-4000-AF79-3EB25F1585E0}.Debug|Any CPU.Build.0 = Debug|Any CPU
		{6A3B0433-B021-4000-AF79-3EB25F1585E0}.Debug|ARM.ActiveCfg = Debug|Any CPU
		{6A3B0433-B021-4000-AF79-3EB25F1585E0}.Debug|ARM.Build.0 = Debug|Any CPU
		{6A3B0433-B021-4000-AF79-3EB25F1585E0}.Debug|ARM64.ActiveCfg = Debug|Any CPU
		{6A3B0433-B021-4000-AF79-3EB25F1585E0}.Debug|ARM64.Build.0 = Debug|Any CPU
		{6A3B0433-B021-4000-AF79-3EB25F1585E0}.Debug|x64.ActiveCfg = Debug|Any CPU
		{6A3B0433-B021-4000-AF79-3EB25F1585E0}.Debug|x64.Build.0 = Debug|Any CPU
		{6A3B0433-B021-4000-AF79-3EB25F1585E0}.Debug|x86.ActiveCfg = Debug|Any CPU
		{6A3B0433-B021-4000-AF79-3EB25F1585E0}.Debug|x86.Build.0 = Debug|Any CPU
		{6A3B0433-B021-4000-AF79-3EB25F1585E0}.Release|Any CPU.ActiveCfg = Release|Any CPU
		{6A3B0433-B021-4000-AF79-3EB25F1585E0}.Release|Any CPU.Build.0 = Release|Any CPU
		{6A3B0433-B021-4000-AF79-3EB25F1585E0}.Release|ARM.ActiveCfg = Release|Any CPU
		{6A3B0433-B021-4000-AF79-3EB25F1585E0}.Release|ARM.Build.0 = Release|Any CPU
		{6A3B0433-B021-4000-AF79-3EB25F1585E0}.Release|ARM64.ActiveCfg = Release|Any CPU
		{6A3B0433-B021-4000-AF79-3EB25F1585E0}.Release|ARM64.Build.0 = Release|Any CPU
		{6A3B0433-B021-4000-AF79-3EB25F1585E0}.Release|x64.ActiveCfg = Release|Any CPU
		{6A3B0433-B021-4000-AF79-3EB25F1585E0}.Release|x64.Build.0 = Release|Any CPU
		{6A3B0433-B021-4000-AF79-3EB25F1585E0}.Release|x86.ActiveCfg = Release|Any CPU
		{6A3B0433-B021-4000-AF79-3EB25F1585E0}.Release|x86.Build.0 = Release|Any CPU
	EndGlobalSection
	GlobalSection(SolutionProperties) = preSolution
		HideSolutionNode = FALSE
	EndGlobalSection
	GlobalSection(ExtensibilityGlobals) = postSolution
		SolutionGuid = {6C8D8918-97FD-4E7A-A41E-C7BBF635F6E1}
	EndGlobalSection
EndGlobal
