
Microsoft Visual Studio Solution File, Format Version 12.00
# Visual Studio Version 17
VisualStudioVersion = 17.2.32519.379
MinimumVisualStudioVersion = 10.0.40219.1
Project("{2150E333-8FDC-42A3-9474-1A3956D46DE8}") = "Plugins", "Plugins", "{26DEAAEB-B9D9-4395-A5DA-CD1E09E02CC3}"
EndProject
Project("{9A19103F-16F7-4668-BE54-9A1E7A4F7556}") = "TestPlugin", "Plugins\TestPlugin\TestPlugin.csproj", "{21C4F3D5-37A3-47A7-A918-A3771E440FA3}"
EndProject
Project("{9A19103F-16F7-4668-BE54-9A1E7A4F7556}") = "EnginePlugins", "Plugins\EnginePlugins\EnginePlugins.csproj", "{6B177E36-3303-4D4C-AFFF-52F695AF1EEF}"
EndProject
Project("{9A19103F-16F7-4668-BE54-9A1E7A4F7556}") = "Scripting.IronPython", "plugins\Scripting.IronPython\Scripting.IronPython.csproj", "{02B093AE-23D1-4F9F-A111-021F46AF0A3F}"
EndProject
Project("{9A19103F-16F7-4668-BE54-9A1E7A4F7556}") = "HostApis", "Plugins\HostApis\HostApis.csproj", "{B05E2553-7543-4E6E-A77F-EA4A6AF85E67}"
EndProject
Project("{9A19103F-16F7-4668-BE54-9A1E7A4F7556}") = "StandardComponents", "Plugins\StandardComponents\StandardComponents.csproj", "{39602A65-45A3-42D0-8E76-0A27EF4642C1}"
EndProject
Project("{9A19103F-16F7-4668-BE54-9A1E7A4F7556}") = "System.CommandLine.AutoGen", "System.CommandLine.AutoGen\System.CommandLine.AutoGen.csproj", "{267ACF58-EF96-4ABB-9FB3-728512202F77}"
EndProject
Project("{9A19103F-16F7-4668-BE54-9A1E7A4F7556}") = "Wallop", "Wallop\Wallop.csproj", "{35333A69-25C4-4D04-B732-30E43A31EB95}"
EndProject
Project("{9A19103F-16F7-4668-BE54-9A1E7A4F7556}") = "PackageGen", "PackageGen\PackageGen.csproj", "{BBA4D59C-A5F7-4DF5-B5E1-0F969CF09573}"
EndProject
Project("{9A19103F-16F7-4668-BE54-9A1E7A4F7556}") = "Wallop.IPC", "Wallop.IPC\Wallop.IPC.csproj", "{C87DF277-4449-4E4F-86FE-6B35406CBF4F}"
EndProject
Project("{9A19103F-16F7-4668-BE54-9A1E7A4F7556}") = "PluginPantry", "..\..\WallopSceneEditor\wallop\src\PluginPantry\PluginPantry\PluginPantry.csproj", "{C8D016EC-0AC4-4B49-9C64-309BD2C9EC54}"
EndProject
Project("{9A19103F-16F7-4668-BE54-9A1E7A4F7556}") = "Cog", "..\..\WallopSceneEditor\wallop\src\Cog\Cog\Cog.csproj", "{45A06254-DC0C-4095-8AAC-4A8D2BFAB9A5}"
EndProject
Project("{9A19103F-16F7-4668-BE54-9A1E7A4F7556}") = "Wallop.Shared.Messaging", "Wallop.Shared.Messaging\Wallop.Shared.Messaging.csproj", "{5ACB060B-C38E-45CB-8804-FC83ECD05A71}"
EndProject
Project("{9A19103F-16F7-4668-BE54-9A1E7A4F7556}") = "Wallop.Shared", "Wallop.Shared\Wallop.Shared.csproj", "{7A090804-13CD-422C-A448-26FCEA69F93A}"
EndProject
Global
	GlobalSection(SolutionConfigurationPlatforms) = preSolution
		Debug|Any CPU = Debug|Any CPU
		Debug|ARM = Debug|ARM
		Debug|ARM64 = Debug|ARM64
		Debug|x64 = Debug|x64
		Debug|x86 = Debug|x86
		Release|Any CPU = Release|Any CPU
		Release|ARM = Release|ARM
		Release|ARM64 = Release|ARM64
		Release|x64 = Release|x64
		Release|x86 = Release|x86
	EndGlobalSection
	GlobalSection(ProjectConfigurationPlatforms) = postSolution
		{21C4F3D5-37A3-47A7-A918-A3771E440FA3}.Debug|Any CPU.ActiveCfg = Debug|Any CPU
		{21C4F3D5-37A3-47A7-A918-A3771E440FA3}.Debug|Any CPU.Build.0 = Debug|Any CPU
		{21C4F3D5-37A3-47A7-A918-A3771E440FA3}.Debug|ARM.ActiveCfg = Debug|Any CPU
		{21C4F3D5-37A3-47A7-A918-A3771E440FA3}.Debug|ARM.Build.0 = Debug|Any CPU
		{21C4F3D5-37A3-47A7-A918-A3771E440FA3}.Debug|ARM64.ActiveCfg = Debug|Any CPU
		{21C4F3D5-37A3-47A7-A918-A3771E440FA3}.Debug|ARM64.Build.0 = Debug|Any CPU
		{21C4F3D5-37A3-47A7-A918-A3771E440FA3}.Debug|x64.ActiveCfg = Debug|Any CPU
		{21C4F3D5-37A3-47A7-A918-A3771E440FA3}.Debug|x64.Build.0 = Debug|Any CPU
		{21C4F3D5-37A3-47A7-A918-A3771E440FA3}.Debug|x86.ActiveCfg = Debug|Any CPU
		{21C4F3D5-37A3-47A7-A918-A3771E440FA3}.Debug|x86.Build.0 = Debug|Any CPU
		{21C4F3D5-37A3-47A7-A918-A3771E440FA3}.Release|Any CPU.ActiveCfg = Release|Any CPU
		{21C4F3D5-37A3-47A7-A918-A3771E440FA3}.Release|Any CPU.Build.0 = Release|Any CPU
		{21C4F3D5-37A3-47A7-A918-A3771E440FA3}.Release|ARM.ActiveCfg = Release|Any CPU
		{21C4F3D5-37A3-47A7-A918-A3771E440FA3}.Release|ARM.Build.0 = Release|Any CPU
		{21C4F3D5-37A3-47A7-A918-A3771E440FA3}.Release|ARM64.ActiveCfg = Release|Any CPU
		{21C4F3D5-37A3-47A7-A918-A3771E440FA3}.Release|ARM64.Build.0 = Release|Any CPU
		{21C4F3D5-37A3-47A7-A918-A3771E440FA3}.Release|x64.ActiveCfg = Release|Any CPU
		{21C4F3D5-37A3-47A7-A918-A3771E440FA3}.Release|x64.Build.0 = Release|Any CPU
		{21C4F3D5-37A3-47A7-A918-A3771E440FA3}.Release|x86.ActiveCfg = Release|Any CPU
		{21C4F3D5-37A3-47A7-A918-A3771E440FA3}.Release|x86.Build.0 = Release|Any CPU
		{6B177E36-3303-4D4C-AFFF-52F695AF1EEF}.Debug|Any CPU.ActiveCfg = Debug|Any CPU
		{6B177E36-3303-4D4C-AFFF-52F695AF1EEF}.Debug|Any CPU.Build.0 = Debug|Any CPU
		{6B177E36-3303-4D4C-AFFF-52F695AF1EEF}.Debug|ARM.ActiveCfg = Debug|Any CPU
		{6B177E36-3303-4D4C-AFFF-52F695AF1EEF}.Debug|ARM.Build.0 = Debug|Any CPU
		{6B177E36-3303-4D4C-AFFF-52F695AF1EEF}.Debug|ARM64.ActiveCfg = Debug|Any CPU
		{6B177E36-3303-4D4C-AFFF-52F695AF1EEF}.Debug|ARM64.Build.0 = Debug|Any CPU
		{6B177E36-3303-4D4C-AFFF-52F695AF1EEF}.Debug|x64.ActiveCfg = Debug|Any CPU
		{6B177E36-3303-4D4C-AFFF-52F695AF1EEF}.Debug|x64.Build.0 = Debug|Any CPU
		{6B177E36-3303-4D4C-AFFF-52F695AF1EEF}.Debug|x86.ActiveCfg = Debug|Any CPU
		{6B177E36-3303-4D4C-AFFF-52F695AF1EEF}.Debug|x86.Build.0 = Debug|Any CPU
		{6B177E36-3303-4D4C-AFFF-52F695AF1EEF}.Release|Any CPU.ActiveCfg = Release|Any CPU
		{6B177E36-3303-4D4C-AFFF-52F695AF1EEF}.Release|Any CPU.Build.0 = Release|Any CPU
		{6B177E36-3303-4D4C-AFFF-52F695AF1EEF}.Release|ARM.ActiveCfg = Release|Any CPU
		{6B177E36-3303-4D4C-AFFF-52F695AF1EEF}.Release|ARM.Build.0 = Release|Any CPU
		{6B177E36-3303-4D4C-AFFF-52F695AF1EEF}.Release|ARM64.ActiveCfg = Release|Any CPU
		{6B177E36-3303-4D4C-AFFF-52F695AF1EEF}.Release|ARM64.Build.0 = Release|Any CPU
		{6B177E36-3303-4D4C-AFFF-52F695AF1EEF}.Release|x64.ActiveCfg = Release|Any CPU
		{6B177E36-3303-4D4C-AFFF-52F695AF1EEF}.Release|x64.Build.0 = Release|Any CPU
		{6B177E36-3303-4D4C-AFFF-52F695AF1EEF}.Release|x86.ActiveCfg = Release|Any CPU
		{6B177E36-3303-4D4C-AFFF-52F695AF1EEF}.Release|x86.Build.0 = Release|Any CPU
		{02B093AE-23D1-4F9F-A111-021F46AF0A3F}.Debug|Any CPU.ActiveCfg = Debug|Any CPU
		{02B093AE-23D1-4F9F-A111-021F46AF0A3F}.Debug|Any CPU.Build.0 = Debug|Any CPU
		{02B093AE-23D1-4F9F-A111-021F46AF0A3F}.Debug|ARM.ActiveCfg = Debug|Any CPU
		{02B093AE-23D1-4F9F-A111-021F46AF0A3F}.Debug|ARM.Build.0 = Debug|Any CPU
		{02B093AE-23D1-4F9F-A111-021F46AF0A3F}.Debug|ARM64.ActiveCfg = Debug|Any CPU
		{02B093AE-23D1-4F9F-A111-021F46AF0A3F}.Debug|ARM64.Build.0 = Debug|Any CPU
		{02B093AE-23D1-4F9F-A111-021F46AF0A3F}.Debug|x64.ActiveCfg = Debug|Any CPU
		{02B093AE-23D1-4F9F-A111-021F46AF0A3F}.Debug|x64.Build.0 = Debug|Any CPU
		{02B093AE-23D1-4F9F-A111-021F46AF0A3F}.Debug|x86.ActiveCfg = Debug|Any CPU
		{02B093AE-23D1-4F9F-A111-021F46AF0A3F}.Debug|x86.Build.0 = Debug|Any CPU
		{02B093AE-23D1-4F9F-A111-021F46AF0A3F}.Release|Any CPU.ActiveCfg = Release|Any CPU
		{02B093AE-23D1-4F9F-A111-021F46AF0A3F}.Release|Any CPU.Build.0 = Release|Any CPU
		{02B093AE-23D1-4F9F-A111-021F46AF0A3F}.Release|ARM.ActiveCfg = Release|Any CPU
		{02B093AE-23D1-4F9F-A111-021F46AF0A3F}.Release|ARM.Build.0 = Release|Any CPU
		{02B093AE-23D1-4F9F-A111-021F46AF0A3F}.Release|ARM64.ActiveCfg = Release|Any CPU
		{02B093AE-23D1-4F9F-A111-021F46AF0A3F}.Release|ARM64.Build.0 = Release|Any CPU
		{02B093AE-23D1-4F9F-A111-021F46AF0A3F}.Release|x64.ActiveCfg = Release|Any CPU
		{02B093AE-23D1-4F9F-A111-021F46AF0A3F}.Release|x64.Build.0 = Release|Any CPU
		{02B093AE-23D1-4F9F-A111-021F46AF0A3F}.Release|x86.ActiveCfg = Release|Any CPU
		{02B093AE-23D1-4F9F-A111-021F46AF0A3F}.Release|x86.Build.0 = Release|Any CPU
		{B05E2553-7543-4E6E-A77F-EA4A6AF85E67}.Debug|Any CPU.ActiveCfg = Debug|Any CPU
		{B05E2553-7543-4E6E-A77F-EA4A6AF85E67}.Debug|Any CPU.Build.0 = Debug|Any CPU
		{B05E2553-7543-4E6E-A77F-EA4A6AF85E67}.Debug|ARM.ActiveCfg = Debug|Any CPU
		{B05E2553-7543-4E6E-A77F-EA4A6AF85E67}.Debug|ARM.Build.0 = Debug|Any CPU
		{B05E2553-7543-4E6E-A77F-EA4A6AF85E67}.Debug|ARM64.ActiveCfg = Debug|Any CPU
		{B05E2553-7543-4E6E-A77F-EA4A6AF85E67}.Debug|ARM64.Build.0 = Debug|Any CPU
		{B05E2553-7543-4E6E-A77F-EA4A6AF85E67}.Debug|x64.ActiveCfg = Debug|Any CPU
		{B05E2553-7543-4E6E-A77F-EA4A6AF85E67}.Debug|x64.Build.0 = Debug|Any CPU
		{B05E2553-7543-4E6E-A77F-EA4A6AF85E67}.Debug|x86.ActiveCfg = Debug|Any CPU
		{B05E2553-7543-4E6E-A77F-EA4A6AF85E67}.Debug|x86.Build.0 = Debug|Any CPU
		{B05E2553-7543-4E6E-A77F-EA4A6AF85E67}.Release|Any CPU.ActiveCfg = Release|Any CPU
		{B05E2553-7543-4E6E-A77F-EA4A6AF85E67}.Release|Any CPU.Build.0 = Release|Any CPU
		{B05E2553-7543-4E6E-A77F-EA4A6AF85E67}.Release|ARM.ActiveCfg = Release|Any CPU
		{B05E2553-7543-4E6E-A77F-EA4A6AF85E67}.Release|ARM.Build.0 = Release|Any CPU
		{B05E2553-7543-4E6E-A77F-EA4A6AF85E67}.Release|ARM64.ActiveCfg = Release|Any CPU
		{B05E2553-7543-4E6E-A77F-EA4A6AF85E67}.Release|ARM64.Build.0 = Release|Any CPU
		{B05E2553-7543-4E6E-A77F-EA4A6AF85E67}.Release|x64.ActiveCfg = Release|Any CPU
		{B05E2553-7543-4E6E-A77F-EA4A6AF85E67}.Release|x64.Build.0 = Release|Any CPU
		{B05E2553-7543-4E6E-A77F-EA4A6AF85E67}.Release|x86.ActiveCfg = Release|Any CPU
		{B05E2553-7543-4E6E-A77F-EA4A6AF85E67}.Release|x86.Build.0 = Release|Any CPU
		{39602A65-45A3-42D0-8E76-0A27EF4642C1}.Debug|Any CPU.ActiveCfg = Debug|Any CPU
		{39602A65-45A3-42D0-8E76-0A27EF4642C1}.Debug|Any CPU.Build.0 = Debug|Any CPU
		{39602A65-45A3-42D0-8E76-0A27EF4642C1}.Debug|ARM.ActiveCfg = Debug|Any CPU
		{39602A65-45A3-42D0-8E76-0A27EF4642C1}.Debug|ARM.Build.0 = Debug|Any CPU
		{39602A65-45A3-42D0-8E76-0A27EF4642C1}.Debug|ARM64.ActiveCfg = Debug|Any CPU
		{39602A65-45A3-42D0-8E76-0A27EF4642C1}.Debug|ARM64.Build.0 = Debug|Any CPU
		{39602A65-45A3-42D0-8E76-0A27EF4642C1}.Debug|x64.ActiveCfg = Debug|Any CPU
		{39602A65-45A3-42D0-8E76-0A27EF4642C1}.Debug|x64.Build.0 = Debug|Any CPU
		{39602A65-45A3-42D0-8E76-0A27EF4642C1}.Debug|x86.ActiveCfg = Debug|Any CPU
		{39602A65-45A3-42D0-8E76-0A27EF4642C1}.Debug|x86.Build.0 = Debug|Any CPU
		{39602A65-45A3-42D0-8E76-0A27EF4642C1}.Release|Any CPU.ActiveCfg = Release|Any CPU
		{39602A65-45A3-42D0-8E76-0A27EF4642C1}.Release|Any CPU.Build.0 = Release|Any CPU
		{39602A65-45A3-42D0-8E76-0A27EF4642C1}.Release|ARM.ActiveCfg = Release|Any CPU
		{39602A65-45A3-42D0-8E76-0A27EF4642C1}.Release|ARM.Build.0 = Release|Any CPU
		{39602A65-45A3-42D0-8E76-0A27EF4642C1}.Release|ARM64.ActiveCfg = Release|Any CPU
		{39602A65-45A3-42D0-8E76-0A27EF4642C1}.Release|ARM64.Build.0 = Release|Any CPU
		{39602A65-45A3-42D0-8E76-0A27EF4642C1}.Release|x64.ActiveCfg = Release|Any CPU
		{39602A65-45A3-42D0-8E76-0A27EF4642C1}.Release|x64.Build.0 = Release|Any CPU
		{39602A65-45A3-42D0-8E76-0A27EF4642C1}.Release|x86.ActiveCfg = Release|Any CPU
		{39602A65-45A3-42D0-8E76-0A27EF4642C1}.Release|x86.Build.0 = Release|Any CPU
		{267ACF58-EF96-4ABB-9FB3-728512202F77}.Debug|Any CPU.ActiveCfg = Debug|Any CPU
		{267ACF58-EF96-4ABB-9FB3-728512202F77}.Debug|Any CPU.Build.0 = Debug|Any CPU
		{267ACF58-EF96-4ABB-9FB3-728512202F77}.Debug|ARM.ActiveCfg = Debug|Any CPU
		{267ACF58-EF96-4ABB-9FB3-728512202F77}.Debug|ARM.Build.0 = Debug|Any CPU
		{267ACF58-EF96-4ABB-9FB3-728512202F77}.Debug|ARM64.ActiveCfg = Debug|Any CPU
		{267ACF58-EF96-4ABB-9FB3-728512202F77}.Debug|ARM64.Build.0 = Debug|Any CPU
		{267ACF58-EF96-4ABB-9FB3-728512202F77}.Debug|x64.ActiveCfg = Debug|Any CPU
		{267ACF58-EF96-4ABB-9FB3-728512202F77}.Debug|x64.Build.0 = Debug|Any CPU
		{267ACF58-EF96-4ABB-9FB3-728512202F77}.Debug|x86.ActiveCfg = Debug|Any CPU
		{267ACF58-EF96-4ABB-9FB3-728512202F77}.Debug|x86.Build.0 = Debug|Any CPU
		{267ACF58-EF96-4ABB-9FB3-728512202F77}.Release|Any CPU.ActiveCfg = Release|Any CPU
		{267ACF58-EF96-4ABB-9FB3-728512202F77}.Release|Any CPU.Build.0 = Release|Any CPU
		{267ACF58-EF96-4ABB-9FB3-728512202F77}.Release|ARM.ActiveCfg = Release|Any CPU
		{267ACF58-EF96-4ABB-9FB3-728512202F77}.Release|ARM.Build.0 = Release|Any CPU
		{267ACF58-EF96-4ABB-9FB3-728512202F77}.Release|ARM64.ActiveCfg = Release|Any CPU
		{267ACF58-EF96-4ABB-9FB3-728512202F77}.Release|ARM64.Build.0 = Release|Any CPU
		{267ACF58-EF96-4ABB-9FB3-728512202F77}.Release|x64.ActiveCfg = Release|Any CPU
		{267ACF58-EF96-4ABB-9FB3-728512202F77}.Release|x64.Build.0 = Release|Any CPU
		{267ACF58-EF96-4ABB-9FB3-728512202F77}.Release|x86.ActiveCfg = Release|Any CPU
		{267ACF58-EF96-4ABB-9FB3-728512202F77}.Release|x86.Build.0 = Release|Any CPU
		{35333A69-25C4-4D04-B732-30E43A31EB95}.Debug|Any CPU.ActiveCfg = Debug|Any CPU
		{35333A69-25C4-4D04-B732-30E43A31EB95}.Debug|Any CPU.Build.0 = Debug|Any CPU
		{35333A69-25C4-4D04-B732-30E43A31EB95}.Debug|ARM.ActiveCfg = Debug|Any CPU
		{35333A69-25C4-4D04-B732-30E43A31EB95}.Debug|ARM.Build.0 = Debug|Any CPU
		{35333A69-25C4-4D04-B732-30E43A31EB95}.Debug|ARM64.ActiveCfg = Debug|Any CPU
		{35333A69-25C4-4D04-B732-30E43A31EB95}.Debug|ARM64.Build.0 = Debug|Any CPU
		{35333A69-25C4-4D04-B732-30E43A31EB95}.Debug|x64.ActiveCfg = Debug|Any CPU
		{35333A69-25C4-4D04-B732-30E43A31EB95}.Debug|x64.Build.0 = Debug|Any CPU
		{35333A69-25C4-4D04-B732-30E43A31EB95}.Debug|x86.ActiveCfg = Debug|Any CPU
		{35333A69-25C4-4D04-B732-30E43A31EB95}.Debug|x86.Build.0 = Debug|Any CPU
		{35333A69-25C4-4D04-B732-30E43A31EB95}.Release|Any CPU.ActiveCfg = Release|Any CPU
		{35333A69-25C4-4D04-B732-30E43A31EB95}.Release|Any CPU.Build.0 = Release|Any CPU
		{35333A69-25C4-4D04-B732-30E43A31EB95}.Release|ARM.ActiveCfg = Release|Any CPU
		{35333A69-25C4-4D04-B732-30E43A31EB95}.Release|ARM.Build.0 = Release|Any CPU
		{35333A69-25C4-4D04-B732-30E43A31EB95}.Release|ARM64.ActiveCfg = Release|Any CPU
		{35333A69-25C4-4D04-B732-30E43A31EB95}.Release|ARM64.Build.0 = Release|Any CPU
		{35333A69-25C4-4D04-B732-30E43A31EB95}.Release|x64.ActiveCfg = Release|Any CPU
		{35333A69-25C4-4D04-B732-30E43A31EB95}.Release|x64.Build.0 = Release|Any CPU
		{35333A69-25C4-4D04-B732-30E43A31EB95}.Release|x86.ActiveCfg = Release|Any CPU
		{35333A69-25C4-4D04-B732-30E43A31EB95}.Release|x86.Build.0 = Release|Any CPU
		{BBA4D59C-A5F7-4DF5-B5E1-0F969CF09573}.Debug|Any CPU.ActiveCfg = Debug|Any CPU
		{BBA4D59C-A5F7-4DF5-B5E1-0F969CF09573}.Debug|Any CPU.Build.0 = Debug|Any CPU
		{BBA4D59C-A5F7-4DF5-B5E1-0F969CF09573}.Debug|ARM.ActiveCfg = Debug|Any CPU
		{BBA4D59C-A5F7-4DF5-B5E1-0F969CF09573}.Debug|ARM.Build.0 = Debug|Any CPU
		{BBA4D59C-A5F7-4DF5-B5E1-0F969CF09573}.Debug|ARM64.ActiveCfg = Debug|Any CPU
		{BBA4D59C-A5F7-4DF5-B5E1-0F969CF09573}.Debug|ARM64.Build.0 = Debug|Any CPU
		{BBA4D59C-A5F7-4DF5-B5E1-0F969CF09573}.Debug|x64.ActiveCfg = Debug|Any CPU
		{BBA4D59C-A5F7-4DF5-B5E1-0F969CF09573}.Debug|x64.Build.0 = Debug|Any CPU
		{BBA4D59C-A5F7-4DF5-B5E1-0F969CF09573}.Debug|x86.ActiveCfg = Debug|Any CPU
		{BBA4D59C-A5F7-4DF5-B5E1-0F969CF09573}.Debug|x86.Build.0 = Debug|Any CPU
		{BBA4D59C-A5F7-4DF5-B5E1-0F969CF09573}.Release|Any CPU.ActiveCfg = Release|Any CPU
		{BBA4D59C-A5F7-4DF5-B5E1-0F969CF09573}.Release|Any CPU.Build.0 = Release|Any CPU
		{BBA4D59C-A5F7-4DF5-B5E1-0F969CF09573}.Release|ARM.ActiveCfg = Release|Any CPU
		{BBA4D59C-A5F7-4DF5-B5E1-0F969CF09573}.Release|ARM.Build.0 = Release|Any CPU
		{BBA4D59C-A5F7-4DF5-B5E1-0F969CF09573}.Release|ARM64.ActiveCfg = Release|Any CPU
		{BBA4D59C-A5F7-4DF5-B5E1-0F969CF09573}.Release|ARM64.Build.0 = Release|Any CPU
		{BBA4D59C-A5F7-4DF5-B5E1-0F969CF09573}.Release|x64.ActiveCfg = Release|Any CPU
		{BBA4D59C-A5F7-4DF5-B5E1-0F969CF09573}.Release|x64.Build.0 = Release|Any CPU
		{BBA4D59C-A5F7-4DF5-B5E1-0F969CF09573}.Release|x86.ActiveCfg = Release|Any CPU
		{BBA4D59C-A5F7-4DF5-B5E1-0F969CF09573}.Release|x86.Build.0 = Release|Any CPU
		{C87DF277-4449-4E4F-86FE-6B35406CBF4F}.Debug|Any CPU.ActiveCfg = Debug|Any CPU
		{C87DF277-4449-4E4F-86FE-6B35406CBF4F}.Debug|Any CPU.Build.0 = Debug|Any CPU
		{C87DF277-4449-4E4F-86FE-6B35406CBF4F}.Debug|ARM.ActiveCfg = Debug|Any CPU
		{C87DF277-4449-4E4F-86FE-6B35406CBF4F}.Debug|ARM.Build.0 = Debug|Any CPU
		{C87DF277-4449-4E4F-86FE-6B35406CBF4F}.Debug|ARM64.ActiveCfg = Debug|Any CPU
		{C87DF277-4449-4E4F-86FE-6B35406CBF4F}.Debug|ARM64.Build.0 = Debug|Any CPU
		{C87DF277-4449-4E4F-86FE-6B35406CBF4F}.Debug|x64.ActiveCfg = Debug|Any CPU
		{C87DF277-4449-4E4F-86FE-6B35406CBF4F}.Debug|x64.Build.0 = Debug|Any CPU
		{C87DF277-4449-4E4F-86FE-6B35406CBF4F}.Debug|x86.ActiveCfg = Debug|Any CPU
		{C87DF277-4449-4E4F-86FE-6B35406CBF4F}.Debug|x86.Build.0 = Debug|Any CPU
		{C87DF277-4449-4E4F-86FE-6B35406CBF4F}.Release|Any CPU.ActiveCfg = Release|Any CPU
		{C87DF277-4449-4E4F-86FE-6B35406CBF4F}.Release|Any CPU.Build.0 = Release|Any CPU
		{C87DF277-4449-4E4F-86FE-6B35406CBF4F}.Release|ARM.ActiveCfg = Release|Any CPU
		{C87DF277-4449-4E4F-86FE-6B35406CBF4F}.Release|ARM.Build.0 = Release|Any CPU
		{C87DF277-4449-4E4F-86FE-6B35406CBF4F}.Release|ARM64.ActiveCfg = Release|Any CPU
		{C87DF277-4449-4E4F-86FE-6B35406CBF4F}.Release|ARM64.Build.0 = Release|Any CPU
		{C87DF277-4449-4E4F-86FE-6B35406CBF4F}.Release|x64.ActiveCfg = Release|Any CPU
		{C87DF277-4449-4E4F-86FE-6B35406CBF4F}.Release|x64.Build.0 = Release|Any CPU
		{C87DF277-4449-4E4F-86FE-6B35406CBF4F}.Release|x86.ActiveCfg = Release|Any CPU
		{C87DF277-4449-4E4F-86FE-6B35406CBF4F}.Release|x86.Build.0 = Release|Any CPU
		{C8D016EC-0AC4-4B49-9C64-309BD2C9EC54}.Debug|Any CPU.ActiveCfg = Debug|Any CPU
		{C8D016EC-0AC4-4B49-9C64-309BD2C9EC54}.Debug|Any CPU.Build.0 = Debug|Any CPU
		{C8D016EC-0AC4-4B49-9C64-309BD2C9EC54}.Debug|ARM.ActiveCfg = Debug|Any CPU
		{C8D016EC-0AC4-4B49-9C64-309BD2C9EC54}.Debug|ARM.Build.0 = Debug|Any CPU
		{C8D016EC-0AC4-4B49-9C64-309BD2C9EC54}.Debug|ARM64.ActiveCfg = Debug|Any CPU
		{C8D016EC-0AC4-4B49-9C64-309BD2C9EC54}.Debug|ARM64.Build.0 = Debug|Any CPU
		{C8D016EC-0AC4-4B49-9C64-309BD2C9EC54}.Debug|x64.ActiveCfg = Debug|Any CPU
		{C8D016EC-0AC4-4B49-9C64-309BD2C9EC54}.Debug|x64.Build.0 = Debug|Any CPU
		{C8D016EC-0AC4-4B49-9C64-309BD2C9EC54}.Debug|x86.ActiveCfg = Debug|Any CPU
		{C8D016EC-0AC4-4B49-9C64-309BD2C9EC54}.Debug|x86.Build.0 = Debug|Any CPU
		{C8D016EC-0AC4-4B49-9C64-309BD2C9EC54}.Release|Any CPU.ActiveCfg = Release|Any CPU
		{C8D016EC-0AC4-4B49-9C64-309BD2C9EC54}.Release|Any CPU.Build.0 = Release|Any CPU
		{C8D016EC-0AC4-4B49-9C64-309BD2C9EC54}.Release|ARM.ActiveCfg = Release|Any CPU
		{C8D016EC-0AC4-4B49-9C64-309BD2C9EC54}.Release|ARM.Build.0 = Release|Any CPU
		{C8D016EC-0AC4-4B49-9C64-309BD2C9EC54}.Release|ARM64.ActiveCfg = Release|Any CPU
		{C8D016EC-0AC4-4B49-9C64-309BD2C9EC54}.Release|ARM64.Build.0 = Release|Any CPU
		{C8D016EC-0AC4-4B49-9C64-309BD2C9EC54}.Release|x64.ActiveCfg = Release|Any CPU
		{C8D016EC-0AC4-4B49-9C64-309BD2C9EC54}.Release|x64.Build.0 = Release|Any CPU
		{C8D016EC-0AC4-4B49-9C64-309BD2C9EC54}.Release|x86.ActiveCfg = Release|Any CPU
		{C8D016EC-0AC4-4B49-9C64-309BD2C9EC54}.Release|x86.Build.0 = Release|Any CPU
		{45A06254-DC0C-4095-8AAC-4A8D2BFAB9A5}.Debug|Any CPU.ActiveCfg = Debug|Any CPU
		{45A06254-DC0C-4095-8AAC-4A8D2BFAB9A5}.Debug|Any CPU.Build.0 = Debug|Any CPU
		{45A06254-DC0C-4095-8AAC-4A8D2BFAB9A5}.Debug|ARM.ActiveCfg = Debug|Any CPU
		{45A06254-DC0C-4095-8AAC-4A8D2BFAB9A5}.Debug|ARM.Build.0 = Debug|Any CPU
		{45A06254-DC0C-4095-8AAC-4A8D2BFAB9A5}.Debug|ARM64.ActiveCfg = Debug|Any CPU
		{45A06254-DC0C-4095-8AAC-4A8D2BFAB9A5}.Debug|ARM64.Build.0 = Debug|Any CPU
		{45A06254-DC0C-4095-8AAC-4A8D2BFAB9A5}.Debug|x64.ActiveCfg = Debug|Any CPU
		{45A06254-DC0C-4095-8AAC-4A8D2BFAB9A5}.Debug|x64.Build.0 = Debug|Any CPU
		{45A06254-DC0C-4095-8AAC-4A8D2BFAB9A5}.Debug|x86.ActiveCfg = Debug|Any CPU
		{45A06254-DC0C-4095-8AAC-4A8D2BFAB9A5}.Debug|x86.Build.0 = Debug|Any CPU
		{45A06254-DC0C-4095-8AAC-4A8D2BFAB9A5}.Release|Any CPU.ActiveCfg = Release|Any CPU
		{45A06254-DC0C-4095-8AAC-4A8D2BFAB9A5}.Release|Any CPU.Build.0 = Release|Any CPU
		{45A06254-DC0C-4095-8AAC-4A8D2BFAB9A5}.Release|ARM.ActiveCfg = Release|Any CPU
		{45A06254-DC0C-4095-8AAC-4A8D2BFAB9A5}.Release|ARM.Build.0 = Release|Any CPU
		{45A06254-DC0C-4095-8AAC-4A8D2BFAB9A5}.Release|ARM64.ActiveCfg = Release|Any CPU
		{45A06254-DC0C-4095-8AAC-4A8D2BFAB9A5}.Release|ARM64.Build.0 = Release|Any CPU
		{45A06254-DC0C-4095-8AAC-4A8D2BFAB9A5}.Release|x64.ActiveCfg = Release|Any CPU
		{45A06254-DC0C-4095-8AAC-4A8D2BFAB9A5}.Release|x64.Build.0 = Release|Any CPU
		{45A06254-DC0C-4095-8AAC-4A8D2BFAB9A5}.Release|x86.ActiveCfg = Release|Any CPU
		{45A06254-DC0C-4095-8AAC-4A8D2BFAB9A5}.Release|x86.Build.0 = Release|Any CPU
		{5ACB060B-C38E-45CB-8804-FC83ECD05A71}.Debug|Any CPU.ActiveCfg = Debug|Any CPU
		{5ACB060B-C38E-45CB-8804-FC83ECD05A71}.Debug|Any CPU.Build.0 = Debug|Any CPU
		{5ACB060B-C38E-45CB-8804-FC83ECD05A71}.Debug|ARM.ActiveCfg = Debug|Any CPU
		{5ACB060B-C38E-45CB-8804-FC83ECD05A71}.Debug|ARM.Build.0 = Debug|Any CPU
		{5ACB060B-C38E-45CB-8804-FC83ECD05A71}.Debug|ARM64.ActiveCfg = Debug|Any CPU
		{5ACB060B-C38E-45CB-8804-FC83ECD05A71}.Debug|ARM64.Build.0 = Debug|Any CPU
		{5ACB060B-C38E-45CB-8804-FC83ECD05A71}.Debug|x64.ActiveCfg = Debug|Any CPU
		{5ACB060B-C38E-45CB-8804-FC83ECD05A71}.Debug|x64.Build.0 = Debug|Any CPU
		{5ACB060B-C38E-45CB-8804-FC83ECD05A71}.Debug|x86.ActiveCfg = Debug|Any CPU
		{5ACB060B-C38E-45CB-8804-FC83ECD05A71}.Debug|x86.Build.0 = Debug|Any CPU
		{5ACB060B-C38E-45CB-8804-FC83ECD05A71}.Release|Any CPU.ActiveCfg = Release|Any CPU
		{5ACB060B-C38E-45CB-8804-FC83ECD05A71}.Release|Any CPU.Build.0 = Release|Any CPU
		{5ACB060B-C38E-45CB-8804-FC83ECD05A71}.Release|ARM.ActiveCfg = Release|Any CPU
		{5ACB060B-C38E-45CB-8804-FC83ECD05A71}.Release|ARM.Build.0 = Release|Any CPU
		{5ACB060B-C38E-45CB-8804-FC83ECD05A71}.Release|ARM64.ActiveCfg = Release|Any CPU
		{5ACB060B-C38E-45CB-8804-FC83ECD05A71}.Release|ARM64.Build.0 = Release|Any CPU
		{5ACB060B-C38E-45CB-8804-FC83ECD05A71}.Release|x64.ActiveCfg = Release|Any CPU
		{5ACB060B-C38E-45CB-8804-FC83ECD05A71}.Release|x64.Build.0 = Release|Any CPU
		{5ACB060B-C38E-45CB-8804-FC83ECD05A71}.Release|x86.ActiveCfg = Release|Any CPU
		{5ACB060B-C38E-45CB-8804-FC83ECD05A71}.Release|x86.Build.0 = Release|Any CPU
		{7A090804-13CD-422C-A448-26FCEA69F93A}.Debug|Any CPU.ActiveCfg = Debug|Any CPU
		{7A090804-13CD-422C-A448-26FCEA69F93A}.Debug|Any CPU.Build.0 = Debug|Any CPU
		{7A090804-13CD-422C-A448-26FCEA69F93A}.Debug|ARM.ActiveCfg = Debug|Any CPU
		{7A090804-13CD-422C-A448-26FCEA69F93A}.Debug|ARM.Build.0 = Debug|Any CPU
		{7A090804-13CD-422C-A448-26FCEA69F93A}.Debug|ARM64.ActiveCfg = Debug|Any CPU
		{7A090804-13CD-422C-A448-26FCEA69F93A}.Debug|ARM64.Build.0 = Debug|Any CPU
		{7A090804-13CD-422C-A448-26FCEA69F93A}.Debug|x64.ActiveCfg = Debug|Any CPU
		{7A090804-13CD-422C-A448-26FCEA69F93A}.Debug|x64.Build.0 = Debug|Any CPU
		{7A090804-13CD-422C-A448-26FCEA69F93A}.Debug|x86.ActiveCfg = Debug|Any CPU
		{7A090804-13CD-422C-A448-26FCEA69F93A}.Debug|x86.Build.0 = Debug|Any CPU
		{7A090804-13CD-422C-A448-26FCEA69F93A}.Release|Any CPU.ActiveCfg = Release|Any CPU
		{7A090804-13CD-422C-A448-26FCEA69F93A}.Release|Any CPU.Build.0 = Release|Any CPU
		{7A090804-13CD-422C-A448-26FCEA69F93A}.Release|ARM.ActiveCfg = Release|Any CPU
		{7A090804-13CD-422C-A448-26FCEA69F93A}.Release|ARM.Build.0 = Release|Any CPU
		{7A090804-13CD-422C-A448-26FCEA69F93A}.Release|ARM64.ActiveCfg = Release|Any CPU
		{7A090804-13CD-422C-A448-26FCEA69F93A}.Release|ARM64.Build.0 = Release|Any CPU
		{7A090804-13CD-422C-A448-26FCEA69F93A}.Release|x64.ActiveCfg = Release|Any CPU
		{7A090804-13CD-422C-A448-26FCEA69F93A}.Release|x64.Build.0 = Release|Any CPU
		{7A090804-13CD-422C-A448-26FCEA69F93A}.Release|x86.ActiveCfg = Release|Any CPU
		{7A090804-13CD-422C-A448-26FCEA69F93A}.Release|x86.Build.0 = Release|Any CPU
	EndGlobalSection
	GlobalSection(SolutionProperties) = preSolution
		HideSolutionNode = FALSE
	EndGlobalSection
	GlobalSection(NestedProjects) = preSolution
		{21C4F3D5-37A3-47A7-A918-A3771E440FA3} = {26DEAAEB-B9D9-4395-A5DA-CD1E09E02CC3}
		{6B177E36-3303-4D4C-AFFF-52F695AF1EEF} = {26DEAAEB-B9D9-4395-A5DA-CD1E09E02CC3}
		{02B093AE-23D1-4F9F-A111-021F46AF0A3F} = {26DEAAEB-B9D9-4395-A5DA-CD1E09E02CC3}
		{B05E2553-7543-4E6E-A77F-EA4A6AF85E67} = {26DEAAEB-B9D9-4395-A5DA-CD1E09E02CC3}
		{39602A65-45A3-42D0-8E76-0A27EF4642C1} = {26DEAAEB-B9D9-4395-A5DA-CD1E09E02CC3}
	EndGlobalSection
	GlobalSection(ExtensibilityGlobals) = postSolution
		SolutionGuid = {6C8D8918-97FD-4E7A-A41E-C7BBF635F6E1}
	EndGlobalSection
EndGlobal
