
Microsoft Visual Studio Solution File, Format Version 12.00
# Visual Studio Version 17
VisualStudioVersion = 17.0.32014.148
MinimumVisualStudioVersion = 10.0.40219.1
Project("{FAE04EC0-301F-11D3-BF4B-00C04F79EFBC}") = "Presenter", "Presenter\Presenter.csproj", "{13AEA47F-CE17-4977-91D7-18E54C2B4BD0}"
EndProject
Project("{9A19103F-16F7-4668-BE54-9A1E7A4F7556}") = "Cog", "Cog\Cog.csproj", "{3FE83115-B47D-4CED-93E9-D0CF2B377AB6}"
EndProject
Project("{2150E333-8FDC-42A3-9474-1A3956D46DE8}") = "Tests", "Tests", "{F898D65E-8F6A-4654-9912-0BCF2CE1128B}"
EndProject
Project("{9A19103F-16F7-4668-BE54-9A1E7A4F7556}") = "Cog.Tests", "Tests\Cog.Tests\Cog.Tests.csproj", "{5840CE6D-166A-45BC-82B3-EE2DC1DA7F47}"
EndProject
Project("{9A19103F-16F7-4668-BE54-9A1E7A4F7556}") = "PluginPantry", "PluginPantry\PluginPantry.csproj", "{9E669DC3-8071-4073-A1EA-E092F99A29FA}"
EndProject
Project("{2150E333-8FDC-42A3-9474-1A3956D46DE8}") = "Plugins", "Plugins", "{26DEAAEB-B9D9-4395-A5DA-CD1E09E02CC3}"
EndProject
Project("{9A19103F-16F7-4668-BE54-9A1E7A4F7556}") = "TestPlugin", "Plugins\TestPlugin\TestPlugin.csproj", "{21C4F3D5-37A3-47A7-A918-A3771E440FA3}"
EndProject
Project("{9A19103F-16F7-4668-BE54-9A1E7A4F7556}") = "EnginePlugins", "Plugins\EnginePlugins\EnginePlugins.csproj", "{6B177E36-3303-4D4C-AFFF-52F695AF1EEF}"
EndProject
Project("{9A19103F-16F7-4668-BE54-9A1E7A4F7556}") = "Wallop.Engine", "Wallop.Engine\Wallop.Engine.csproj", "{5147FBAE-BA4A-459A-90D9-108A90F2D240}"
EndProject
Project("{2150E333-8FDC-42A3-9474-1A3956D46DE8}") = "Solution Items", "Solution Items", "{9FC2D943-0142-44A3-8E6F-75682DF03256}"
EndProject
Global
	GlobalSection(SolutionConfigurationPlatforms) = preSolution
		Debug|Any CPU = Debug|Any CPU
		Debug|ARM = Debug|ARM
		Debug|ARM64 = Debug|ARM64
		Debug|x64 = Debug|x64
		Debug|x86 = Debug|x86
		Release|Any CPU = Release|Any CPU
		Release|ARM = Release|ARM
		Release|ARM64 = Release|ARM64
		Release|x64 = Release|x64
		Release|x86 = Release|x86
	EndGlobalSection
	GlobalSection(ProjectConfigurationPlatforms) = postSolution
		{13AEA47F-CE17-4977-91D7-18E54C2B4BD0}.Debug|Any CPU.ActiveCfg = Debug|Any CPU
		{13AEA47F-CE17-4977-91D7-18E54C2B4BD0}.Debug|Any CPU.Build.0 = Debug|Any CPU
		{13AEA47F-CE17-4977-91D7-18E54C2B4BD0}.Debug|ARM.ActiveCfg = Debug|Any CPU
		{13AEA47F-CE17-4977-91D7-18E54C2B4BD0}.Debug|ARM.Build.0 = Debug|Any CPU
		{13AEA47F-CE17-4977-91D7-18E54C2B4BD0}.Debug|ARM64.ActiveCfg = Debug|Any CPU
		{13AEA47F-CE17-4977-91D7-18E54C2B4BD0}.Debug|ARM64.Build.0 = Debug|Any CPU
		{13AEA47F-CE17-4977-91D7-18E54C2B4BD0}.Debug|x64.ActiveCfg = Debug|Any CPU
		{13AEA47F-CE17-4977-91D7-18E54C2B4BD0}.Debug|x64.Build.0 = Debug|Any CPU
		{13AEA47F-CE17-4977-91D7-18E54C2B4BD0}.Debug|x86.ActiveCfg = Debug|Any CPU
		{13AEA47F-CE17-4977-91D7-18E54C2B4BD0}.Debug|x86.Build.0 = Debug|Any CPU
		{13AEA47F-CE17-4977-91D7-18E54C2B4BD0}.Release|Any CPU.ActiveCfg = Release|Any CPU
		{13AEA47F-CE17-4977-91D7-18E54C2B4BD0}.Release|Any CPU.Build.0 = Release|Any CPU
		{13AEA47F-CE17-4977-91D7-18E54C2B4BD0}.Release|ARM.ActiveCfg = Release|Any CPU
		{13AEA47F-CE17-4977-91D7-18E54C2B4BD0}.Release|ARM.Build.0 = Release|Any CPU
		{13AEA47F-CE17-4977-91D7-18E54C2B4BD0}.Release|ARM64.ActiveCfg = Release|Any CPU
		{13AEA47F-CE17-4977-91D7-18E54C2B4BD0}.Release|ARM64.Build.0 = Release|Any CPU
		{13AEA47F-CE17-4977-91D7-18E54C2B4BD0}.Release|x64.ActiveCfg = Release|Any CPU
		{13AEA47F-CE17-4977-91D7-18E54C2B4BD0}.Release|x64.Build.0 = Release|Any CPU
		{13AEA47F-CE17-4977-91D7-18E54C2B4BD0}.Release|x86.ActiveCfg = Release|Any CPU
		{13AEA47F-CE17-4977-91D7-18E54C2B4BD0}.Release|x86.Build.0 = Release|Any CPU
		{3FE83115-B47D-4CED-93E9-D0CF2B377AB6}.Debug|Any CPU.ActiveCfg = Debug|Any CPU
		{3FE83115-B47D-4CED-93E9-D0CF2B377AB6}.Debug|Any CPU.Build.0 = Debug|Any CPU
		{3FE83115-B47D-4CED-93E9-D0CF2B377AB6}.Debug|ARM.ActiveCfg = Debug|Any CPU
		{3FE83115-B47D-4CED-93E9-D0CF2B377AB6}.Debug|ARM.Build.0 = Debug|Any CPU
		{3FE83115-B47D-4CED-93E9-D0CF2B377AB6}.Debug|ARM64.ActiveCfg = Debug|Any CPU
		{3FE83115-B47D-4CED-93E9-D0CF2B377AB6}.Debug|ARM64.Build.0 = Debug|Any CPU
		{3FE83115-B47D-4CED-93E9-D0CF2B377AB6}.Debug|x64.ActiveCfg = Debug|Any CPU
		{3FE83115-B47D-4CED-93E9-D0CF2B377AB6}.Debug|x64.Build.0 = Debug|Any CPU
		{3FE83115-B47D-4CED-93E9-D0CF2B377AB6}.Debug|x86.ActiveCfg = Debug|Any CPU
		{3FE83115-B47D-4CED-93E9-D0CF2B377AB6}.Debug|x86.Build.0 = Debug|Any CPU
		{3FE83115-B47D-4CED-93E9-D0CF2B377AB6}.Release|Any CPU.ActiveCfg = Release|Any CPU
		{3FE83115-B47D-4CED-93E9-D0CF2B377AB6}.Release|Any CPU.Build.0 = Release|Any CPU
		{3FE83115-B47D-4CED-93E9-D0CF2B377AB6}.Release|ARM.ActiveCfg = Release|Any CPU
		{3FE83115-B47D-4CED-93E9-D0CF2B377AB6}.Release|ARM.Build.0 = Release|Any CPU
		{3FE83115-B47D-4CED-93E9-D0CF2B377AB6}.Release|ARM64.ActiveCfg = Release|Any CPU
		{3FE83115-B47D-4CED-93E9-D0CF2B377AB6}.Release|ARM64.Build.0 = Release|Any CPU
		{3FE83115-B47D-4CED-93E9-D0CF2B377AB6}.Release|x64.ActiveCfg = Release|Any CPU
		{3FE83115-B47D-4CED-93E9-D0CF2B377AB6}.Release|x64.Build.0 = Release|Any CPU
		{3FE83115-B47D-4CED-93E9-D0CF2B377AB6}.Release|x86.ActiveCfg = Release|Any CPU
		{3FE83115-B47D-4CED-93E9-D0CF2B377AB6}.Release|x86.Build.0 = Release|Any CPU
		{5840CE6D-166A-45BC-82B3-EE2DC1DA7F47}.Debug|Any CPU.ActiveCfg = Debug|Any CPU
		{5840CE6D-166A-45BC-82B3-EE2DC1DA7F47}.Debug|Any CPU.Build.0 = Debug|Any CPU
		{5840CE6D-166A-45BC-82B3-EE2DC1DA7F47}.Debug|ARM.ActiveCfg = Debug|Any CPU
		{5840CE6D-166A-45BC-82B3-EE2DC1DA7F47}.Debug|ARM.Build.0 = Debug|Any CPU
		{5840CE6D-166A-45BC-82B3-EE2DC1DA7F47}.Debug|ARM64.ActiveCfg = Debug|Any CPU
		{5840CE6D-166A-45BC-82B3-EE2DC1DA7F47}.Debug|ARM64.Build.0 = Debug|Any CPU
		{5840CE6D-166A-45BC-82B3-EE2DC1DA7F47}.Debug|x64.ActiveCfg = Debug|Any CPU
		{5840CE6D-166A-45BC-82B3-EE2DC1DA7F47}.Debug|x64.Build.0 = Debug|Any CPU
		{5840CE6D-166A-45BC-82B3-EE2DC1DA7F47}.Debug|x86.ActiveCfg = Debug|Any CPU
		{5840CE6D-166A-45BC-82B3-EE2DC1DA7F47}.Debug|x86.Build.0 = Debug|Any CPU
		{5840CE6D-166A-45BC-82B3-EE2DC1DA7F47}.Release|Any CPU.ActiveCfg = Release|Any CPU
		{5840CE6D-166A-45BC-82B3-EE2DC1DA7F47}.Release|Any CPU.Build.0 = Release|Any CPU
		{5840CE6D-166A-45BC-82B3-EE2DC1DA7F47}.Release|ARM.ActiveCfg = Release|Any CPU
		{5840CE6D-166A-45BC-82B3-EE2DC1DA7F47}.Release|ARM.Build.0 = Release|Any CPU
		{5840CE6D-166A-45BC-82B3-EE2DC1DA7F47}.Release|ARM64.ActiveCfg = Release|Any CPU
		{5840CE6D-166A-45BC-82B3-EE2DC1DA7F47}.Release|ARM64.Build.0 = Release|Any CPU
		{5840CE6D-166A-45BC-82B3-EE2DC1DA7F47}.Release|x64.ActiveCfg = Release|Any CPU
		{5840CE6D-166A-45BC-82B3-EE2DC1DA7F47}.Release|x64.Build.0 = Release|Any CPU
		{5840CE6D-166A-45BC-82B3-EE2DC1DA7F47}.Release|x86.ActiveCfg = Release|Any CPU
		{5840CE6D-166A-45BC-82B3-EE2DC1DA7F47}.Release|x86.Build.0 = Release|Any CPU
		{9E669DC3-8071-4073-A1EA-E092F99A29FA}.Debug|Any CPU.ActiveCfg = Debug|Any CPU
		{9E669DC3-8071-4073-A1EA-E092F99A29FA}.Debug|Any CPU.Build.0 = Debug|Any CPU
		{9E669DC3-8071-4073-A1EA-E092F99A29FA}.Debug|ARM.ActiveCfg = Debug|Any CPU
		{9E669DC3-8071-4073-A1EA-E092F99A29FA}.Debug|ARM.Build.0 = Debug|Any CPU
		{9E669DC3-8071-4073-A1EA-E092F99A29FA}.Debug|ARM64.ActiveCfg = Debug|Any CPU
		{9E669DC3-8071-4073-A1EA-E092F99A29FA}.Debug|ARM64.Build.0 = Debug|Any CPU
		{9E669DC3-8071-4073-A1EA-E092F99A29FA}.Debug|x64.ActiveCfg = Debug|Any CPU
		{9E669DC3-8071-4073-A1EA-E092F99A29FA}.Debug|x64.Build.0 = Debug|Any CPU
		{9E669DC3-8071-4073-A1EA-E092F99A29FA}.Debug|x86.ActiveCfg = Debug|Any CPU
		{9E669DC3-8071-4073-A1EA-E092F99A29FA}.Debug|x86.Build.0 = Debug|Any CPU
		{9E669DC3-8071-4073-A1EA-E092F99A29FA}.Release|Any CPU.ActiveCfg = Release|Any CPU
		{9E669DC3-8071-4073-A1EA-E092F99A29FA}.Release|Any CPU.Build.0 = Release|Any CPU
		{9E669DC3-8071-4073-A1EA-E092F99A29FA}.Release|ARM.ActiveCfg = Release|Any CPU
		{9E669DC3-8071-4073-A1EA-E092F99A29FA}.Release|ARM.Build.0 = Release|Any CPU
		{9E669DC3-8071-4073-A1EA-E092F99A29FA}.Release|ARM64.ActiveCfg = Release|Any CPU
		{9E669DC3-8071-4073-A1EA-E092F99A29FA}.Release|ARM64.Build.0 = Release|Any CPU
		{9E669DC3-8071-4073-A1EA-E092F99A29FA}.Release|x64.ActiveCfg = Release|Any CPU
		{9E669DC3-8071-4073-A1EA-E092F99A29FA}.Release|x64.Build.0 = Release|Any CPU
		{9E669DC3-8071-4073-A1EA-E092F99A29FA}.Release|x86.ActiveCfg = Release|Any CPU
		{9E669DC3-8071-4073-A1EA-E092F99A29FA}.Release|x86.Build.0 = Release|Any CPU
		{21C4F3D5-37A3-47A7-A918-A3771E440FA3}.Debug|Any CPU.ActiveCfg = Debug|Any CPU
		{21C4F3D5-37A3-47A7-A918-A3771E440FA3}.Debug|Any CPU.Build.0 = Debug|Any CPU
		{21C4F3D5-37A3-47A7-A918-A3771E440FA3}.Debug|ARM.ActiveCfg = Debug|Any CPU
		{21C4F3D5-37A3-47A7-A918-A3771E440FA3}.Debug|ARM.Build.0 = Debug|Any CPU
		{21C4F3D5-37A3-47A7-A918-A3771E440FA3}.Debug|ARM64.ActiveCfg = Debug|Any CPU
		{21C4F3D5-37A3-47A7-A918-A3771E440FA3}.Debug|ARM64.Build.0 = Debug|Any CPU
		{21C4F3D5-37A3-47A7-A918-A3771E440FA3}.Debug|x64.ActiveCfg = Debug|Any CPU
		{21C4F3D5-37A3-47A7-A918-A3771E440FA3}.Debug|x64.Build.0 = Debug|Any CPU
		{21C4F3D5-37A3-47A7-A918-A3771E440FA3}.Debug|x86.ActiveCfg = Debug|Any CPU
		{21C4F3D5-37A3-47A7-A918-A3771E440FA3}.Debug|x86.Build.0 = Debug|Any CPU
		{21C4F3D5-37A3-47A7-A918-A3771E440FA3}.Release|Any CPU.ActiveCfg = Release|Any CPU
		{21C4F3D5-37A3-47A7-A918-A3771E440FA3}.Release|Any CPU.Build.0 = Release|Any CPU
		{21C4F3D5-37A3-47A7-A918-A3771E440FA3}.Release|ARM.ActiveCfg = Release|Any CPU
		{21C4F3D5-37A3-47A7-A918-A3771E440FA3}.Release|ARM.Build.0 = Release|Any CPU
		{21C4F3D5-37A3-47A7-A918-A3771E440FA3}.Release|ARM64.ActiveCfg = Release|Any CPU
		{21C4F3D5-37A3-47A7-A918-A3771E440FA3}.Release|ARM64.Build.0 = Release|Any CPU
		{21C4F3D5-37A3-47A7-A918-A3771E440FA3}.Release|x64.ActiveCfg = Release|Any CPU
		{21C4F3D5-37A3-47A7-A918-A3771E440FA3}.Release|x64.Build.0 = Release|Any CPU
		{21C4F3D5-37A3-47A7-A918-A3771E440FA3}.Release|x86.ActiveCfg = Release|Any CPU
		{21C4F3D5-37A3-47A7-A918-A3771E440FA3}.Release|x86.Build.0 = Release|Any CPU
		{6B177E36-3303-4D4C-AFFF-52F695AF1EEF}.Debug|Any CPU.ActiveCfg = Debug|Any CPU
		{6B177E36-3303-4D4C-AFFF-52F695AF1EEF}.Debug|Any CPU.Build.0 = Debug|Any CPU
		{6B177E36-3303-4D4C-AFFF-52F695AF1EEF}.Debug|ARM.ActiveCfg = Debug|Any CPU
		{6B177E36-3303-4D4C-AFFF-52F695AF1EEF}.Debug|ARM.Build.0 = Debug|Any CPU
		{6B177E36-3303-4D4C-AFFF-52F695AF1EEF}.Debug|ARM64.ActiveCfg = Debug|Any CPU
		{6B177E36-3303-4D4C-AFFF-52F695AF1EEF}.Debug|ARM64.Build.0 = Debug|Any CPU
		{6B177E36-3303-4D4C-AFFF-52F695AF1EEF}.Debug|x64.ActiveCfg = Debug|Any CPU
		{6B177E36-3303-4D4C-AFFF-52F695AF1EEF}.Debug|x64.Build.0 = Debug|Any CPU
		{6B177E36-3303-4D4C-AFFF-52F695AF1EEF}.Debug|x86.ActiveCfg = Debug|Any CPU
		{6B177E36-3303-4D4C-AFFF-52F695AF1EEF}.Debug|x86.Build.0 = Debug|Any CPU
		{6B177E36-3303-4D4C-AFFF-52F695AF1EEF}.Release|Any CPU.ActiveCfg = Release|Any CPU
		{6B177E36-3303-4D4C-AFFF-52F695AF1EEF}.Release|Any CPU.Build.0 = Release|Any CPU
		{6B177E36-3303-4D4C-AFFF-52F695AF1EEF}.Release|ARM.ActiveCfg = Release|Any CPU
		{6B177E36-3303-4D4C-AFFF-52F695AF1EEF}.Release|ARM.Build.0 = Release|Any CPU
		{6B177E36-3303-4D4C-AFFF-52F695AF1EEF}.Release|ARM64.ActiveCfg = Release|Any CPU
		{6B177E36-3303-4D4C-AFFF-52F695AF1EEF}.Release|ARM64.Build.0 = Release|Any CPU
		{6B177E36-3303-4D4C-AFFF-52F695AF1EEF}.Release|x64.ActiveCfg = Release|Any CPU
		{6B177E36-3303-4D4C-AFFF-52F695AF1EEF}.Release|x64.Build.0 = Release|Any CPU
		{6B177E36-3303-4D4C-AFFF-52F695AF1EEF}.Release|x86.ActiveCfg = Release|Any CPU
		{6B177E36-3303-4D4C-AFFF-52F695AF1EEF}.Release|x86.Build.0 = Release|Any CPU
		{5147FBAE-BA4A-459A-90D9-108A90F2D240}.Debug|Any CPU.ActiveCfg = Debug|Any CPU
		{5147FBAE-BA4A-459A-90D9-108A90F2D240}.Debug|Any CPU.Build.0 = Debug|Any CPU
		{5147FBAE-BA4A-459A-90D9-108A90F2D240}.Debug|ARM.ActiveCfg = Debug|Any CPU
		{5147FBAE-BA4A-459A-90D9-108A90F2D240}.Debug|ARM.Build.0 = Debug|Any CPU
		{5147FBAE-BA4A-459A-90D9-108A90F2D240}.Debug|ARM64.ActiveCfg = Debug|Any CPU
		{5147FBAE-BA4A-459A-90D9-108A90F2D240}.Debug|ARM64.Build.0 = Debug|Any CPU
		{5147FBAE-BA4A-459A-90D9-108A90F2D240}.Debug|x64.ActiveCfg = Debug|Any CPU
		{5147FBAE-BA4A-459A-90D9-108A90F2D240}.Debug|x64.Build.0 = Debug|Any CPU
		{5147FBAE-BA4A-459A-90D9-108A90F2D240}.Debug|x86.ActiveCfg = Debug|Any CPU
		{5147FBAE-BA4A-459A-90D9-108A90F2D240}.Debug|x86.Build.0 = Debug|Any CPU
		{5147FBAE-BA4A-459A-90D9-108A90F2D240}.Release|Any CPU.ActiveCfg = Release|Any CPU
		{5147FBAE-BA4A-459A-90D9-108A90F2D240}.Release|Any CPU.Build.0 = Release|Any CPU
		{5147FBAE-BA4A-459A-90D9-108A90F2D240}.Release|ARM.ActiveCfg = Release|Any CPU
		{5147FBAE-BA4A-459A-90D9-108A90F2D240}.Release|ARM.Build.0 = Release|Any CPU
		{5147FBAE-BA4A-459A-90D9-108A90F2D240}.Release|ARM64.ActiveCfg = Release|Any CPU
		{5147FBAE-BA4A-459A-90D9-108A90F2D240}.Release|ARM64.Build.0 = Release|Any CPU
		{5147FBAE-BA4A-459A-90D9-108A90F2D240}.Release|x64.ActiveCfg = Release|Any CPU
		{5147FBAE-BA4A-459A-90D9-108A90F2D240}.Release|x64.Build.0 = Release|Any CPU
		{5147FBAE-BA4A-459A-90D9-108A90F2D240}.Release|x86.ActiveCfg = Release|Any CPU
		{5147FBAE-BA4A-459A-90D9-108A90F2D240}.Release|x86.Build.0 = Release|Any CPU
	EndGlobalSection
	GlobalSection(SolutionProperties) = preSolution
		HideSolutionNode = FALSE
	EndGlobalSection
	GlobalSection(NestedProjects) = preSolution
		{5840CE6D-166A-45BC-82B3-EE2DC1DA7F47} = {F898D65E-8F6A-4654-9912-0BCF2CE1128B}
		{21C4F3D5-37A3-47A7-A918-A3771E440FA3} = {26DEAAEB-B9D9-4395-A5DA-CD1E09E02CC3}
		{6B177E36-3303-4D4C-AFFF-52F695AF1EEF} = {26DEAAEB-B9D9-4395-A5DA-CD1E09E02CC3}
	EndGlobalSection
	GlobalSection(ExtensibilityGlobals) = postSolution
		SolutionGuid = {6C8D8918-97FD-4E7A-A41E-C7BBF635F6E1}
	EndGlobalSection
EndGlobal
